// !$*UTF8*$!
{
	archiveVersion = 1;
	classes = {
	};
	objectVersion = 70;
	objects = {

/* Begin PBXBuildFile section */
		A1000001233300001 /* Models.swift in Sources */ = {isa = PBXBuildFile; fileRef = A1000001133300001 /* Models.swift */; };
		A1000001233300002 /* MatchingEngine.swift in Sources */ = {isa = PBXBuildFile; fileRef = A1000001133300002 /* MatchingEngine.swift */; };
		A1000001233300003 /* EventSuggester.swift in Sources */ = {isa = PBXBuildFile; fileRef = A1000001133300003 /* EventSuggester.swift */; };
		A1000001233300004 /* GroupManager.swift in Sources */ = {isa = PBXBuildFile; fileRef = A1000001133300004 /* GroupManager.swift */; };
		A1000001233300005 /* MLEventRecommender.swift in Sources */ = {isa = PBXBuildFile; fileRef = A1000001133300005 /* MLEventRecommender.swift */; };
		A1000001233300008 /* OrbitApp.swift in Sources */ = {isa = PBXBuildFile; fileRef = A1000001133300008 /* OrbitApp.swift */; };
		A1000001233300010 /* Assets.xcassets in Resources */ = {isa = PBXBuildFile; fileRef = A1000001133300010 /* Assets.xcassets */; };
		A1000001233300020 /* AuthenticationServiceTests.swift in Sources */ = {isa = PBXBuildFile; fileRef = A1000001133300011 /* AuthenticationServiceTests.swift */; };
		A1000001233300023 /* Models.swift in Sources */ = {isa = PBXBuildFile; fileRef = A1000001133300001 /* Models.swift */; };
/* End PBXBuildFile section */

/* Begin PBXContainerItemProxy section */
		A1000001333300001 /* PBXContainerItemProxy */ = {
			isa = PBXContainerItemProxy;
			containerPortal = A1000001033300001 /* Project object */;
			proxyType = 1;
			remoteGlobalIDString = A1000001433300001;
			remoteInfo = OrbitApp;
		};
/* End PBXContainerItemProxy section */

/* Begin PBXFileReference section */
		A1000001133300001 /* Models.swift */ = {isa = PBXFileReference; lastKnownFileType = sourcecode.swift; path = Models.swift; sourceTree = "<group>"; };
		A1000001133300002 /* MatchingEngine.swift */ = {isa = PBXFileReference; lastKnownFileType = sourcecode.swift; path = MatchingEngine.swift; sourceTree = "<group>"; };
		A1000001133300003 /* EventSuggester.swift */ = {isa = PBXFileReference; lastKnownFileType = sourcecode.swift; path = EventSuggester.swift; sourceTree = "<group>"; };
		A1000001133300004 /* GroupManager.swift */ = {isa = PBXFileReference; lastKnownFileType = sourcecode.swift; path = GroupManager.swift; sourceTree = "<group>"; };
		A1000001133300005 /* MLEventRecommender.swift */ = {isa = PBXFileReference; lastKnownFileType = sourcecode.swift; path = MLEventRecommender.swift; sourceTree = "<group>"; };
		A1000001133300008 /* OrbitApp.swift */ = {isa = PBXFileReference; lastKnownFileType = sourcecode.swift; path = OrbitApp.swift; sourceTree = "<group>"; };
		A1000001133300010 /* Assets.xcassets */ = {isa = PBXFileReference; lastKnownFileType = folder.assetcatalog; path = Assets.xcassets; sourceTree = "<group>"; };
		A1000001133300011 /* AuthenticationServiceTests.swift */ = {isa = PBXFileReference; lastKnownFileType = sourcecode.swift; path = AuthenticationServiceTests.swift; sourceTree = "<group>"; };
		A1000001533300001 /* OrbitApp.app */ = {isa = PBXFileReference; explicitFileType = wrapper.application; includeInIndex = 0; path = OrbitApp.app; sourceTree = BUILT_PRODUCTS_DIR; };
		A1000001533300002 /* OrbitAppTests.xctest */ = {isa = PBXFileReference; explicitFileType = wrapper.cfbundle; includeInIndex = 0; path = OrbitAppTests.xctest; sourceTree = BUILT_PRODUCTS_DIR; };
/* End PBXFileReference section */

/* Begin PBXFileSystemSynchronizedRootGroup section */
		AB6C88002F32970000CFEE62 /* Orbit */ = {isa = PBXFileSystemSynchronizedRootGroup; explicitFileTypes = {}; explicitFolders = (); path = Orbit; sourceTree = "<group>"; };
/* End PBXFileSystemSynchronizedRootGroup section */

/* Begin PBXFrameworksBuildPhase section */
		A1000001633300001 /* Frameworks */ = {
			isa = PBXFrameworksBuildPhase;
			buildActionMask = 2147483647;
			files = (
			);
			runOnlyForDeploymentPostprocessing = 0;
		};
		A1000001633300002 /* Frameworks */ = {
			isa = PBXFrameworksBuildPhase;
			buildActionMask = 2147483647;
			files = (
			);
			runOnlyForDeploymentPostprocessing = 0;
		};
/* End PBXFrameworksBuildPhase section */

/* Begin PBXGroup section */
		A1000001733300001 = {
			isa = PBXGroup;
			children = (
				A1000001733300002 /* OrbitApp */,
				A1000001733300003 /* Orbit_AI_Features */,
				A1000001733300004 /* OrbitAppTests */,
				A1000001733300005 /* Products */,
			);
			sourceTree = "<group>";
		};
		A1000001733300002 /* OrbitApp */ = {
			isa = PBXGroup;
			children = (
				A1000001133300008 /* OrbitApp.swift */,
				A1000001133300010 /* Assets.xcassets */,
				AB6C88002F32970000CFEE62 /* Orbit */,
			);
			path = OrbitApp;
			sourceTree = "<group>";
		};
		A1000001733300003 /* Orbit_AI_Features */ = {
			isa = PBXGroup;
			children = (
				A1000001133300001 /* Models.swift */,
				A1000001133300002 /* MatchingEngine.swift */,
				A1000001133300003 /* EventSuggester.swift */,
				A1000001133300004 /* GroupManager.swift */,
				A1000001133300005 /* MLEventRecommender.swift */,
			);
			path = Orbit_AI_Features;
			sourceTree = "<group>";
		};
		A1000001733300004 /* OrbitAppTests */ = {
			isa = PBXGroup;
			children = (
				A1000001133300011 /* AuthenticationServiceTests.swift */,
			);
			path = OrbitAppTests;
			sourceTree = "<group>";
		};
		A1000001733300005 /* Products */ = {
			isa = PBXGroup;
			children = (
				A1000001533300001 /* OrbitApp.app */,
				A1000001533300002 /* OrbitAppTests.xctest */,
			);
			name = Products;
			sourceTree = "<group>";
		};
/* End PBXGroup section */

/* Begin PBXNativeTarget section */
		A1000001433300001 /* OrbitApp */ = {
			isa = PBXNativeTarget;
			buildConfigurationList = A1000001833300001 /* Build configuration list for PBXNativeTarget "OrbitApp" */;
			buildPhases = (
				A1000001933300001 /* Sources */,
				A1000001633300001 /* Frameworks */,
				A1000001A33300001 /* Resources */,
			);
			buildRules = (
			);
			dependencies = (
			);
			fileSystemSynchronizedGroups = (
				AB6C88002F32970000CFEE62 /* Orbit */,
			);
			name = OrbitApp;
			productName = OrbitApp;
			productReference = A1000001533300001 /* OrbitApp.app */;
			productType = "com.apple.product-type.application";
		};
		A1000001433300002 /* OrbitAppTests */ = {
			isa = PBXNativeTarget;
			buildConfigurationList = A1000001833300002 /* Build configuration list for PBXNativeTarget "OrbitAppTests" */;
			buildPhases = (
				A1000001933300002 /* Sources */,
				A1000001633300002 /* Frameworks */,
			);
			buildRules = (
			);
			dependencies = (
				A1000001B33300001 /* PBXTargetDependency */,
			);
			name = OrbitAppTests;
			productName = OrbitAppTests;
			productReference = A1000001533300002 /* OrbitAppTests.xctest */;
			productType = "com.apple.product-type.bundle.unit-test";
		};
/* End PBXNativeTarget section */

/* Begin PBXProject section */
		A1000001033300001 /* Project object */ = {
			isa = PBXProject;
			attributes = {
				BuildIndependentTargetsInParallel = 1;
				LastSwiftUpdateCheck = 1500;
				LastUpgradeCheck = 2620;
				TargetAttributes = {
					A1000001433300001 = {
						CreatedOnToolsVersion = 15.0;
					};
					A1000001433300002 = {
						CreatedOnToolsVersion = 15.0;
						TestTargetID = A1000001433300001;
					};
				};
			};
			buildConfigurationList = A1000001C33300001 /* Build configuration list for PBXProject "OrbitApp" */;
			compatibilityVersion = "Xcode 14.0";
			developmentRegion = en;
			hasScannedForEncodings = 0;
			knownRegions = (
				en,
				Base,
			);
			mainGroup = A1000001733300001;
			productRefGroup = A1000001733300005 /* Products */;
			projectDirPath = "";
			projectRoot = "";
			targets = (
				A1000001433300001 /* OrbitApp */,
				A1000001433300002 /* OrbitAppTests */,
			);
		};
/* End PBXProject section */

/* Begin PBXResourcesBuildPhase section */
		A1000001A33300001 /* Resources */ = {
			isa = PBXResourcesBuildPhase;
			buildActionMask = 2147483647;
			files = (
				A1000001233300010 /* Assets.xcassets in Resources */,
			);
			runOnlyForDeploymentPostprocessing = 0;
		};
/* End PBXResourcesBuildPhase section */

/* Begin PBXSourcesBuildPhase section */
		A1000001933300001 /* Sources */ = {
			isa = PBXSourcesBuildPhase;
			buildActionMask = 2147483647;
			files = (
				A1000001233300001 /* Models.swift in Sources */,
				A1000001233300002 /* MatchingEngine.swift in Sources */,
				A1000001233300003 /* EventSuggester.swift in Sources */,
				A1000001233300004 /* GroupManager.swift in Sources */,
				A1000001233300005 /* MLEventRecommender.swift in Sources */,
				A1000001233300008 /* OrbitApp.swift in Sources */,
			);
			runOnlyForDeploymentPostprocessing = 0;
		};
		A1000001933300002 /* Sources */ = {
			isa = PBXSourcesBuildPhase;
			buildActionMask = 2147483647;
			files = (
				A1000001233300020 /* AuthenticationServiceTests.swift in Sources */,
				A1000001233300023 /* Models.swift in Sources */,
			);
			runOnlyForDeploymentPostprocessing = 0;
		};
/* End PBXSourcesBuildPhase section */

/* Begin PBXTargetDependency section */
		A1000001B33300001 /* PBXTargetDependency */ = {
			isa = PBXTargetDependency;
			target = A1000001433300001 /* OrbitApp */;
			targetProxy = A1000001333300001 /* PBXContainerItemProxy */;
		};
/* End PBXTargetDependency section */

/* Begin XCBuildConfiguration section */
		A1000001D33300001 /* Debug */ = {
			isa = XCBuildConfiguration;
			buildSettings = {
				ALWAYS_SEARCH_USER_PATHS = NO;
				ASSETCATALOG_COMPILER_GENERATE_SWIFT_ASSET_SYMBOL_EXTENSIONS = YES;
				CLANG_ANALYZER_NONNULL = YES;
				CLANG_ANALYZER_NUMBER_OBJECT_CONVERSION = YES_AGGRESSIVE;
				CLANG_CXX_LANGUAGE_STANDARD = "gnu++20";
				CLANG_ENABLE_MODULES = YES;
				CLANG_ENABLE_OBJC_ARC = YES;
				CLANG_ENABLE_OBJC_WEAK = YES;
				CLANG_WARN_BLOCK_CAPTURE_AUTORELEASING = YES;
				CLANG_WARN_BOOL_CONVERSION = YES;
				CLANG_WARN_COMMA = YES;
				CLANG_WARN_CONSTANT_CONVERSION = YES;
				CLANG_WARN_DEPRECATED_OBJC_IMPLEMENTATIONS = YES;
				CLANG_WARN_DIRECT_OBJC_ISA_USAGE = YES_ERROR;
				CLANG_WARN_DOCUMENTATION_COMMENTS = YES;
				CLANG_WARN_EMPTY_BODY = YES;
				CLANG_WARN_ENUM_CONVERSION = YES;
				CLANG_WARN_INFINITE_RECURSION = YES;
				CLANG_WARN_INT_CONVERSION = YES;
				CLANG_WARN_NON_LITERAL_NULL_CONVERSION = YES;
				CLANG_WARN_OBJC_IMPLICIT_RETAIN_SELF = YES;
				CLANG_WARN_OBJC_LITERAL_CONVERSION = YES;
				CLANG_WARN_OBJC_ROOT_CLASS = YES_ERROR;
				CLANG_WARN_QUOTED_INCLUDE_IN_FRAMEWORK_HEADER = YES;
				CLANG_WARN_RANGE_LOOP_ANALYSIS = YES;
				CLANG_WARN_STRICT_PROTOTYPES = YES;
				CLANG_WARN_SUSPICIOUS_MOVE = YES;
				CLANG_WARN_UNGUARDED_AVAILABILITY = YES_AGGRESSIVE;
				CLANG_WARN_UNREACHABLE_CODE = YES;
				CLANG_WARN__DUPLICATE_METHOD_MATCH = YES;
				COPY_PHASE_STRIP = NO;
				DEBUG_INFORMATION_FORMAT = dwarf;
				ENABLE_STRICT_OBJC_MSGSEND = YES;
				ENABLE_TESTABILITY = YES;
				ENABLE_USER_SCRIPT_SANDBOXING = YES;
				GCC_C_LANGUAGE_STANDARD = gnu17;
				GCC_DYNAMIC_NO_PIC = NO;
				GCC_NO_COMMON_BLOCKS = YES;
				GCC_OPTIMIZATION_LEVEL = 0;
				GCC_PREPROCESSOR_DEFINITIONS = (
					"DEBUG=1",
					"$(inherited)",
				);
				GCC_WARN_64_TO_32_BIT_CONVERSION = YES;
				GCC_WARN_ABOUT_RETURN_TYPE = YES_ERROR;
				GCC_WARN_UNDECLARED_SELECTOR = YES;
				GCC_WARN_UNINITIALIZED_AUTOS = YES_AGGRESSIVE;
				GCC_WARN_UNUSED_FUNCTION = YES;
				GCC_WARN_UNUSED_VARIABLE = YES;
				IPHONEOS_DEPLOYMENT_TARGET = 17.0;
				LOCALIZATION_PREFERS_STRING_CATALOGS = YES;
				MTL_ENABLE_DEBUG_INFO = INCLUDE_SOURCE;
				MTL_FAST_MATH = YES;
				ONLY_ACTIVE_ARCH = YES;
				SDKROOT = iphoneos;
				SWIFT_ACTIVE_COMPILATION_CONDITIONS = "DEBUG $(inherited)";
				SWIFT_OPTIMIZATION_LEVEL = "-Onone";
			};
			name = Debug;
		};
		A1000001D33300002 /* Release */ = {
			isa = XCBuildConfiguration;
			buildSettings = {
				ALWAYS_SEARCH_USER_PATHS = NO;
				ASSETCATALOG_COMPILER_GENERATE_SWIFT_ASSET_SYMBOL_EXTENSIONS = YES;
				CLANG_ANALYZER_NONNULL = YES;
				CLANG_ANALYZER_NUMBER_OBJECT_CONVERSION = YES_AGGRESSIVE;
				CLANG_CXX_LANGUAGE_STANDARD = "gnu++20";
				CLANG_ENABLE_MODULES = YES;
				CLANG_ENABLE_OBJC_ARC = YES;
				CLANG_ENABLE_OBJC_WEAK = YES;
				CLANG_WARN_BLOCK_CAPTURE_AUTORELEASING = YES;
				CLANG_WARN_BOOL_CONVERSION = YES;
				CLANG_WARN_COMMA = YES;
				CLANG_WARN_CONSTANT_CONVERSION = YES;
				CLANG_WARN_DEPRECATED_OBJC_IMPLEMENTATIONS = YES;
				CLANG_WARN_DIRECT_OBJC_ISA_USAGE = YES_ERROR;
				CLANG_WARN_DOCUMENTATION_COMMENTS = YES;
				CLANG_WARN_EMPTY_BODY = YES;
				CLANG_WARN_ENUM_CONVERSION = YES;
				CLANG_WARN_INFINITE_RECURSION = YES;
				CLANG_WARN_INT_CONVERSION = YES;
				CLANG_WARN_NON_LITERAL_NULL_CONVERSION = YES;
				CLANG_WARN_OBJC_IMPLICIT_RETAIN_SELF = YES;
				CLANG_WARN_OBJC_LITERAL_CONVERSION = YES;
				CLANG_WARN_OBJC_ROOT_CLASS = YES_ERROR;
				CLANG_WARN_QUOTED_INCLUDE_IN_FRAMEWORK_HEADER = YES;
				CLANG_WARN_RANGE_LOOP_ANALYSIS = YES;
				CLANG_WARN_STRICT_PROTOTYPES = YES;
				CLANG_WARN_SUSPICIOUS_MOVE = YES;
				CLANG_WARN_UNGUARDED_AVAILABILITY = YES_AGGRESSIVE;
				CLANG_WARN_UNREACHABLE_CODE = YES;
				CLANG_WARN__DUPLICATE_METHOD_MATCH = YES;
				COPY_PHASE_STRIP = NO;
				DEBUG_INFORMATION_FORMAT = "dwarf-with-dsym";
				ENABLE_NS_ASSERTIONS = NO;
				ENABLE_STRICT_OBJC_MSGSEND = YES;
				ENABLE_USER_SCRIPT_SANDBOXING = YES;
				GCC_C_LANGUAGE_STANDARD = gnu17;
				GCC_NO_COMMON_BLOCKS = YES;
				GCC_WARN_64_TO_32_BIT_CONVERSION = YES;
				GCC_WARN_ABOUT_RETURN_TYPE = YES_ERROR;
				GCC_WARN_UNDECLARED_SELECTOR = YES;
				GCC_WARN_UNINITIALIZED_AUTOS = YES_AGGRESSIVE;
				GCC_WARN_UNUSED_FUNCTION = YES;
				GCC_WARN_UNUSED_VARIABLE = YES;
				IPHONEOS_DEPLOYMENT_TARGET = 17.0;
				LOCALIZATION_PREFERS_STRING_CATALOGS = YES;
				MTL_ENABLE_DEBUG_INFO = NO;
				MTL_FAST_MATH = YES;
				SDKROOT = iphoneos;
				SWIFT_COMPILATION_MODE = wholemodule;
				VALIDATE_PRODUCT = YES;
			};
			name = Release;
		};
		A1000001E33300001 /* Debug */ = {
			isa = XCBuildConfiguration;
			buildSettings = {
				ASSETCATALOG_COMPILER_APPICON_NAME = AppIcon;
				ASSETCATALOG_COMPILER_GLOBAL_ACCENT_COLOR_NAME = AccentColor;
				CODE_SIGN_STYLE = Automatic;
				CURRENT_PROJECT_VERSION = 1;
				DEVELOPMENT_ASSET_PATHS = "";
				ENABLE_PREVIEWS = YES;
				GENERATE_INFOPLIST_FILE = YES;
				INFOPLIST_KEY_UIApplicationSceneManifest_Generation = YES;
				INFOPLIST_KEY_UIApplicationSupportsIndirectInputEvents = YES;
				INFOPLIST_KEY_UILaunchScreen_Generation = YES;
				INFOPLIST_KEY_UISupportedInterfaceOrientations_iPad = "UIInterfaceOrientationPortrait UIInterfaceOrientationPortraitUpsideDown UIInterfaceOrientationLandscapeLeft UIInterfaceOrientationLandscapeRight";
				INFOPLIST_KEY_UISupportedInterfaceOrientations_iPhone = "UIInterfaceOrientationPortrait UIInterfaceOrientationLandscapeLeft UIInterfaceOrientationLandscapeRight";
				LD_RUNPATH_SEARCH_PATHS = (
					"$(inherited)",
					"@executable_path/Frameworks",
				);
				MARKETING_VERSION = 1.0;
				PRODUCT_BUNDLE_IDENTIFIER = com.orbit.OrbitApp;
				PRODUCT_NAME = "$(TARGET_NAME)";
				SWIFT_EMIT_LOC_STRINGS = YES;
				SWIFT_VERSION = 5.0;
				TARGETED_DEVICE_FAMILY = "1,2";
			};
			name = Debug;
		};
		A1000001E33300002 /* Release */ = {
			isa = XCBuildConfiguration;
			buildSettings = {
				ASSETCATALOG_COMPILER_APPICON_NAME = AppIcon;
				ASSETCATALOG_COMPILER_GLOBAL_ACCENT_COLOR_NAME = AccentColor;
				CODE_SIGN_STYLE = Automatic;
				CURRENT_PROJECT_VERSION = 1;
				DEVELOPMENT_ASSET_PATHS = "";
				ENABLE_PREVIEWS = YES;
				GENERATE_INFOPLIST_FILE = YES;
				INFOPLIST_KEY_UIApplicationSceneManifest_Generation = YES;
				INFOPLIST_KEY_UIApplicationSupportsIndirectInputEvents = YES;
				INFOPLIST_KEY_UILaunchScreen_Generation = YES;
				INFOPLIST_KEY_UISupportedInterfaceOrientations_iPad = "UIInterfaceOrientationPortrait UIInterfaceOrientationPortraitUpsideDown UIInterfaceOrientationLandscapeLeft UIInterfaceOrientationLandscapeRight";
				INFOPLIST_KEY_UISupportedInterfaceOrientations_iPhone = "UIInterfaceOrientationPortrait UIInterfaceOrientationLandscapeLeft UIInterfaceOrientationLandscapeRight";
				LD_RUNPATH_SEARCH_PATHS = (
					"$(inherited)",
					"@executable_path/Frameworks",
				);
				MARKETING_VERSION = 1.0;
				PRODUCT_BUNDLE_IDENTIFIER = com.orbit.OrbitApp;
				PRODUCT_NAME = "$(TARGET_NAME)";
				SWIFT_EMIT_LOC_STRINGS = YES;
				SWIFT_VERSION = 5.0;
				TARGETED_DEVICE_FAMILY = "1,2";
			};
			name = Release;
		};
		A1000001F33300001 /* Debug */ = {
			isa = XCBuildConfiguration;
			buildSettings = {
				BUNDLE_LOADER = "$(TEST_HOST)";
				CODE_SIGN_STYLE = Automatic;
				CURRENT_PROJECT_VERSION = 1;
				GENERATE_INFOPLIST_FILE = YES;
				IPHONEOS_DEPLOYMENT_TARGET = 17.0;
				MARKETING_VERSION = 1.0;
				PRODUCT_BUNDLE_IDENTIFIER = com.orbit.OrbitAppTests;
				PRODUCT_NAME = "$(TARGET_NAME)";
				SWIFT_EMIT_LOC_STRINGS = NO;
				SWIFT_VERSION = 5.0;
				TARGETED_DEVICE_FAMILY = "1,2";
				TEST_HOST = "$(BUILT_PRODUCTS_DIR)/OrbitApp.app/$(BUNDLE_EXECUTABLE_FOLDER_PATH)/OrbitApp";
			};
			name = Debug;
		};
		A1000001F33300002 /* Release */ = {
			isa = XCBuildConfiguration;
			buildSettings = {
				BUNDLE_LOADER = "$(TEST_HOST)";
				CODE_SIGN_STYLE = Automatic;
				CURRENT_PROJECT_VERSION = 1;
				GENERATE_INFOPLIST_FILE = YES;
				IPHONEOS_DEPLOYMENT_TARGET = 17.0;
				MARKETING_VERSION = 1.0;
				PRODUCT_BUNDLE_IDENTIFIER = com.orbit.OrbitAppTests;
				PRODUCT_NAME = "$(TARGET_NAME)";
				SWIFT_EMIT_LOC_STRINGS = NO;
				SWIFT_VERSION = 5.0;
				TARGETED_DEVICE_FAMILY = "1,2";
				TEST_HOST = "$(BUILT_PRODUCTS_DIR)/OrbitApp.app/$(BUNDLE_EXECUTABLE_FOLDER_PATH)/OrbitApp";
			};
			name = Release;
		};
/* End XCBuildConfiguration section */

/* Begin XCConfigurationList section */
		A1000001833300001 /* Build configuration list for PBXNativeTarget "OrbitApp" */ = {
			isa = XCConfigurationList;
			buildConfigurations = (
				A1000001E33300001 /* Debug */,
				A1000001E33300002 /* Release */,
			);
			defaultConfigurationIsVisible = 0;
			defaultConfigurationName = Release;
		};
		A1000001833300002 /* Build configuration list for PBXNativeTarget "OrbitAppTests" */ = {
			isa = XCConfigurationList;
			buildConfigurations = (
				A1000001F33300001 /* Debug */,
				A1000001F33300002 /* Release */,
			);
			defaultConfigurationIsVisible = 0;
			defaultConfigurationName = Release;
		};
		A1000001C33300001 /* Build configuration list for PBXProject "OrbitApp" */ = {
			isa = XCConfigurationList;
			buildConfigurations = (
				A1000001D33300001 /* Debug */,
				A1000001D33300002 /* Release */,
			);
			defaultConfigurationIsVisible = 0;
			defaultConfigurationName = Release;
		};
/* End XCConfigurationList section */
	};
	rootObject = A1000001033300001 /* Project object */;
}
